
Microsoft Visual Studio Solution File, Format Version 12.00
# Visual Studio Version 16
VisualStudioVersion = 16.0.30413.136
MinimumVisualStudioVersion = 10.0.40219.1
Project("{9A19103F-16F7-4668-BE54-9A1E7A4F7556}") = "WPFUndoRedo", "CommandWithUndoRedo\WPFUndoRedo.csproj", "{133D74A5-6C2A-41C3-AE4C-D1787B0DECDE}"
EndProject
Project("{FAE04EC0-301F-11D3-BF4B-00C04F79EFBC}") = "WPFUndoRedo.Tests", "WPFUndoRedo.Tests\WPFUndoRedo.Tests.csproj", "{D35C5571-0EF3-48E6-983B-979AF8DFD3D4}"
EndProject
Global
	GlobalSection(SolutionConfigurationPlatforms) = preSolution
		Debug|Any CPU = Debug|Any CPU
		Release|Any CPU = Release|Any CPU
	EndGlobalSection
	GlobalSection(ProjectConfigurationPlatforms) = postSolution
		{133D74A5-6C2A-41C3-AE4C-D1787B0DECDE}.Debug|Any CPU.ActiveCfg = Debug|Any CPU
		{133D74A5-6C2A-41C3-AE4C-D1787B0DECDE}.Debug|Any CPU.Build.0 = Debug|Any CPU
		{133D74A5-6C2A-41C3-AE4C-D1787B0DECDE}.Release|Any CPU.ActiveCfg = Release|Any CPU
		{133D74A5-6C2A-41C3-AE4C-D1787B0DECDE}.Release|Any CPU.Build.0 = Release|Any CPU
		{D35C5571-0EF3-48E6-983B-979AF8DFD3D4}.Debug|Any CPU.ActiveCfg = Debug|Any CPU
		{D35C5571-0EF3-48E6-983B-979AF8DFD3D4}.Debug|Any CPU.Build.0 = Debug|Any CPU
		{D35C5571-0EF3-48E6-983B-979AF8DFD3D4}.Release|Any CPU.ActiveCfg = Release|Any CPU
		{D35C5571-0EF3-48E6-983B-979AF8DFD3D4}.Release|Any CPU.Build.0 = Release|Any CPU
	EndGlobalSection
	GlobalSection(SolutionProperties) = preSolution
		HideSolutionNode = FALSE
	EndGlobalSection
	GlobalSection(ExtensibilityGlobals) = postSolution
		SolutionGuid = {F1DED79D-2C7A-4901-A144-9FF741C30CED}
	EndGlobalSection
EndGlobal
